
Microsoft Visual Studio Solution File, Format Version 12.00
Project("{FAE04EC0-301F-11D3-BF4B-00C04F79EFBC}") = "Depo", "service\Depo\Depo.csproj", "{905D23FA-71E1-43B1-8937-5BC19E24E726}"
EndProject
Project("{2150E333-8FDC-42A3-9474-1A3956D46DE8}") = "service", "service", "{A9D424C9-F852-4DDC-B553-3F33C1520348}"
EndProject
Global
	GlobalSection(SolutionConfigurationPlatforms) = preSolution
		Debug|Any CPU = Debug|Any CPU
		Release|Any CPU = Release|Any CPU
	EndGlobalSection
	GlobalSection(ProjectConfigurationPlatforms) = postSolution
		{905D23FA-71E1-43B1-8937-5BC19E24E726}.Debug|Any CPU.ActiveCfg = Debug|Any CPU
		{905D23FA-71E1-43B1-8937-5BC19E24E726}.Debug|Any CPU.Build.0 = Debug|Any CPU
		{905D23FA-71E1-43B1-8937-5BC19E24E726}.Release|Any CPU.ActiveCfg = Release|Any CPU
		{905D23FA-71E1-43B1-8937-5BC19E24E726}.Release|Any CPU.Build.0 = Release|Any CPU
	EndGlobalSection
	GlobalSection(NestedProjects) = preSolution
		{905D23FA-71E1-43B1-8937-5BC19E24E726} = {A9D424C9-F852-4DDC-B553-3F33C1520348}
	EndGlobalSection
EndGlobal
